// !$*UTF8*$!
{
	archiveVersion = 1;
	classes = {
	};
	objectVersion = 46;
	objects = {

/* Begin PBXBuildFile section */
		08662ED21AAF9CA100BE440E /* StudyDraggableViewBackground.m in Sources */ = {isa = PBXBuildFile; fileRef = 08662ED11AAF9CA100BE440E /* StudyDraggableViewBackground.m */; };
		08662ED51AAF9CC000BE440E /* StudyDraggableView.m in Sources */ = {isa = PBXBuildFile; fileRef = 08662ED41AAF9CC000BE440E /* StudyDraggableView.m */; };
		08662ED81AAF9CD400BE440E /* StudySubjectView.m in Sources */ = {isa = PBXBuildFile; fileRef = 08662ED71AAF9CD400BE440E /* StudySubjectView.m */; };
		08662EDB1AAF9CDF00BE440E /* StudyDescriptionView.m in Sources */ = {isa = PBXBuildFile; fileRef = 08662EDA1AAF9CDF00BE440E /* StudyDescriptionView.m */; };
		08662EDE1AAF9CE800BE440E /* StudyOverlayView.m in Sources */ = {isa = PBXBuildFile; fileRef = 08662EDD1AAF9CE800BE440E /* StudyOverlayView.m */; };
		08662EE11AAF9F8D00BE440E /* StudyViewController.m in Sources */ = {isa = PBXBuildFile; fileRef = 08662EE01AAF9F8D00BE440E /* StudyViewController.m */; };
		0868F5301AABDD58008CA47D /* DeckCollectionViewCell.m in Sources */ = {isa = PBXBuildFile; fileRef = 0868F52E1AABDD58008CA47D /* DeckCollectionViewCell.m */; };
		0868F5311AABDD58008CA47D /* DeckCollectionViewCell.xib in Resources */ = {isa = PBXBuildFile; fileRef = 0868F52F1AABDD58008CA47D /* DeckCollectionViewCell.xib */; };
		08977A151AABCB6C00E525D0 /* AppearanceController.m in Sources */ = {isa = PBXBuildFile; fileRef = 08977A141AABCB6C00E525D0 /* AppearanceController.m */; };
		08C8830E1AAD289200DFE40E /* QuartzCore.framework in Frameworks */ = {isa = PBXBuildFile; fileRef = 08C8830D1AAD289200DFE40E /* QuartzCore.framework */; };
		08CA76651AB2660B00292997 /* UIColor+Colors.m in Sources */ = {isa = PBXBuildFile; fileRef = 08CA76641AB2660B00292997 /* UIColor+Colors.m */; };
		08D8F8CE1AACE7670015A4BD /* DeckCollectionViewLayout.m in Sources */ = {isa = PBXBuildFile; fileRef = 08D8F8CD1AACE7670015A4BD /* DeckCollectionViewLayout.m */; };
		08FE1E761AAA5F570068F0C9 /* main.m in Sources */ = {isa = PBXBuildFile; fileRef = 08FE1E751AAA5F570068F0C9 /* main.m */; };
		08FE1E791AAA5F570068F0C9 /* AppDelegate.m in Sources */ = {isa = PBXBuildFile; fileRef = 08FE1E781AAA5F570068F0C9 /* AppDelegate.m */; };
		08FE1E7C1AAA5F570068F0C9 /* DeckCollectionViewController.m in Sources */ = {isa = PBXBuildFile; fileRef = 08FE1E7B1AAA5F570068F0C9 /* DeckCollectionViewController.m */; };
		08FE1E7F1AAA5F570068F0C9 /* Main.storyboard in Resources */ = {isa = PBXBuildFile; fileRef = 08FE1E7D1AAA5F570068F0C9 /* Main.storyboard */; };
		08FE1E811AAA5F570068F0C9 /* Images.xcassets in Resources */ = {isa = PBXBuildFile; fileRef = 08FE1E801AAA5F570068F0C9 /* Images.xcassets */; };
		08FE1E841AAA5F570068F0C9 /* LaunchScreen.xib in Resources */ = {isa = PBXBuildFile; fileRef = 08FE1E821AAA5F570068F0C9 /* LaunchScreen.xib */; };
		08FE1E901AAA5F570068F0C9 /* cardalotTests.m in Sources */ = {isa = PBXBuildFile; fileRef = 08FE1E8F1AAA5F570068F0C9 /* cardalotTests.m */; };
		3B050E253021896E149A532F /* libPods-cardalot.a in Frameworks */ = {isa = PBXBuildFile; fileRef = EC8B54A570249508FE757348 /* libPods-cardalot.a */; };
		7200CEB31AACE66000E84D55 /* HistoryViewController.m in Sources */ = {isa = PBXBuildFile; fileRef = 7200CEB21AACE66000E84D55 /* HistoryViewController.m */; };
		7200CEC21AAD1D9A00E84D55 /* CardCollectionViewController.m in Sources */ = {isa = PBXBuildFile; fileRef = 7200CEC11AAD1D9A00E84D55 /* CardCollectionViewController.m */; };
		7200CEC51AAD1E9800E84D55 /* CardCollectionViewCell.m in Sources */ = {isa = PBXBuildFile; fileRef = 7200CEC41AAD1E9800E84D55 /* CardCollectionViewCell.m */; };
		7200CEC81AAD1FD000E84D55 /* CardCollectionViewDataSource.m in Sources */ = {isa = PBXBuildFile; fileRef = 7200CEC71AAD1FD000E84D55 /* CardCollectionViewDataSource.m */; };
		7200D0F01AB1393E00E84D55 /* CustomInputAccessoryView.m in Sources */ = {isa = PBXBuildFile; fileRef = 7200D0EF1AB1393E00E84D55 /* CustomInputAccessoryView.m */; };
		725180E71AAA6FAE00C446E5 /* Stack.m in Sources */ = {isa = PBXBuildFile; fileRef = 725180E61AAA6FAE00C446E5 /* Stack.m */; };
		725180EA1AAA751600C446E5 /* Model.xcdatamodeld in Sources */ = {isa = PBXBuildFile; fileRef = 725180E81AAA751600C446E5 /* Model.xcdatamodeld */; };
		725180ED1AAA772900C446E5 /* Deck.m in Sources */ = {isa = PBXBuildFile; fileRef = 725180EC1AAA772900C446E5 /* Deck.m */; };
		725180F01AAA772A00C446E5 /* Card.m in Sources */ = {isa = PBXBuildFile; fileRef = 725180EF1AAA772A00C446E5 /* Card.m */; };
		725180F31AAA7AFE00C446E5 /* DeckController.m in Sources */ = {isa = PBXBuildFile; fileRef = 725180F21AAA7AFE00C446E5 /* DeckController.m */; };
		725180F61AAA965900C446E5 /* DeckCollectionViewDataSource.m in Sources */ = {isa = PBXBuildFile; fileRef = 725180F51AAA965900C446E5 /* DeckCollectionViewDataSource.m */; };
		72C1E19F1AB278890041E2C8 /* Quiz.m in Sources */ = {isa = PBXBuildFile; fileRef = 72C1E19E1AB278890041E2C8 /* Quiz.m */; };
		72C1E1A21AB2788A0041E2C8 /* Study.m in Sources */ = {isa = PBXBuildFile; fileRef = 72C1E1A11AB2788A0041E2C8 /* Study.m */; };
		72C1E1A51AB278E10041E2C8 /* StatsViewController.m in Sources */ = {isa = PBXBuildFile; fileRef = 72C1E1A41AB278E10041E2C8 /* StatsViewController.m */; };
		72C1E1A81AB279E60041E2C8 /* StatsTableViewDataSource.m in Sources */ = {isa = PBXBuildFile; fileRef = 72C1E1A71AB279E60041E2C8 /* StatsTableViewDataSource.m */; };
		72C1E1AF1AB27BAB0041E2C8 /* StatsTableViewCell.m in Sources */ = {isa = PBXBuildFile; fileRef = 72C1E1AD1AB27BAB0041E2C8 /* StatsTableViewCell.m */; };
		72C1E1B01AB27BAB0041E2C8 /* StatsTableViewCell.xib in Resources */ = {isa = PBXBuildFile; fileRef = 72C1E1AE1AB27BAB0041E2C8 /* StatsTableViewCell.xib */; };
		FF8F0AD01AAE579A00BDD975 /* BackTextCell.m in Sources */ = {isa = PBXBuildFile; fileRef = FF8F0AC61AAE579A00BDD975 /* BackTextCell.m */; };
		FF8F0AD11AAE579A00BDD975 /* BackTextCell.xib in Resources */ = {isa = PBXBuildFile; fileRef = FF8F0AC71AAE579A00BDD975 /* BackTextCell.xib */; };
		FF8F0AD21AAE579A00BDD975 /* CardViewController.m in Sources */ = {isa = PBXBuildFile; fileRef = FF8F0AC91AAE579A00BDD975 /* CardViewController.m */; };
		FF8F0AD31AAE579A00BDD975 /* deckTagCell.m in Sources */ = {isa = PBXBuildFile; fileRef = FF8F0ACB1AAE579A00BDD975 /* deckTagCell.m */; };
		FF8F0AD41AAE579A00BDD975 /* deckTagCell.xib in Resources */ = {isa = PBXBuildFile; fileRef = FF8F0ACC1AAE579A00BDD975 /* deckTagCell.xib */; };
		FF8F0AD51AAE579A00BDD975 /* frontTextCell.m in Sources */ = {isa = PBXBuildFile; fileRef = FF8F0ACE1AAE579A00BDD975 /* frontTextCell.m */; };
		FF8F0AD61AAE579A00BDD975 /* frontTextCell.xib in Resources */ = {isa = PBXBuildFile; fileRef = FF8F0ACF1AAE579A00BDD975 /* frontTextCell.xib */; };
/* End PBXBuildFile section */

/* Begin PBXContainerItemProxy section */
		08FE1E8A1AAA5F570068F0C9 /* PBXContainerItemProxy */ = {
			isa = PBXContainerItemProxy;
			containerPortal = 08FE1E681AAA5F570068F0C9 /* Project object */;
			proxyType = 1;
			remoteGlobalIDString = 08FE1E6F1AAA5F570068F0C9;
			remoteInfo = cardalot;
		};
/* End PBXContainerItemProxy section */

/* Begin PBXFileReference section */
		08662ED01AAF9CA100BE440E /* StudyDraggableViewBackground.h */ = {isa = PBXFileReference; fileEncoding = 4; lastKnownFileType = sourcecode.c.h; path = StudyDraggableViewBackground.h; sourceTree = "<group>"; };
		08662ED11AAF9CA100BE440E /* StudyDraggableViewBackground.m */ = {isa = PBXFileReference; fileEncoding = 4; lastKnownFileType = sourcecode.c.objc; path = StudyDraggableViewBackground.m; sourceTree = "<group>"; };
		08662ED31AAF9CC000BE440E /* StudyDraggableView.h */ = {isa = PBXFileReference; fileEncoding = 4; lastKnownFileType = sourcecode.c.h; path = StudyDraggableView.h; sourceTree = "<group>"; };
		08662ED41AAF9CC000BE440E /* StudyDraggableView.m */ = {isa = PBXFileReference; fileEncoding = 4; lastKnownFileType = sourcecode.c.objc; path = StudyDraggableView.m; sourceTree = "<group>"; };
		08662ED61AAF9CD400BE440E /* StudySubjectView.h */ = {isa = PBXFileReference; fileEncoding = 4; lastKnownFileType = sourcecode.c.h; path = StudySubjectView.h; sourceTree = "<group>"; };
		08662ED71AAF9CD400BE440E /* StudySubjectView.m */ = {isa = PBXFileReference; fileEncoding = 4; lastKnownFileType = sourcecode.c.objc; path = StudySubjectView.m; sourceTree = "<group>"; };
		08662ED91AAF9CDF00BE440E /* StudyDescriptionView.h */ = {isa = PBXFileReference; fileEncoding = 4; lastKnownFileType = sourcecode.c.h; path = StudyDescriptionView.h; sourceTree = "<group>"; };
		08662EDA1AAF9CDF00BE440E /* StudyDescriptionView.m */ = {isa = PBXFileReference; fileEncoding = 4; lastKnownFileType = sourcecode.c.objc; path = StudyDescriptionView.m; sourceTree = "<group>"; };
		08662EDC1AAF9CE800BE440E /* StudyOverlayView.h */ = {isa = PBXFileReference; fileEncoding = 4; lastKnownFileType = sourcecode.c.h; path = StudyOverlayView.h; sourceTree = "<group>"; };
		08662EDD1AAF9CE800BE440E /* StudyOverlayView.m */ = {isa = PBXFileReference; fileEncoding = 4; lastKnownFileType = sourcecode.c.objc; path = StudyOverlayView.m; sourceTree = "<group>"; };
		08662EDF1AAF9F8D00BE440E /* StudyViewController.h */ = {isa = PBXFileReference; fileEncoding = 4; lastKnownFileType = sourcecode.c.h; path = StudyViewController.h; sourceTree = "<group>"; };
		08662EE01AAF9F8D00BE440E /* StudyViewController.m */ = {isa = PBXFileReference; fileEncoding = 4; lastKnownFileType = sourcecode.c.objc; path = StudyViewController.m; sourceTree = "<group>"; };
		0868F52D1AABDD58008CA47D /* DeckCollectionViewCell.h */ = {isa = PBXFileReference; fileEncoding = 4; lastKnownFileType = sourcecode.c.h; path = DeckCollectionViewCell.h; sourceTree = "<group>"; };
		0868F52E1AABDD58008CA47D /* DeckCollectionViewCell.m */ = {isa = PBXFileReference; fileEncoding = 4; lastKnownFileType = sourcecode.c.objc; path = DeckCollectionViewCell.m; sourceTree = "<group>"; };
		0868F52F1AABDD58008CA47D /* DeckCollectionViewCell.xib */ = {isa = PBXFileReference; fileEncoding = 4; lastKnownFileType = file.xib; path = DeckCollectionViewCell.xib; sourceTree = "<group>"; };
		08977A131AABCB6C00E525D0 /* AppearanceController.h */ = {isa = PBXFileReference; fileEncoding = 4; lastKnownFileType = sourcecode.c.h; path = AppearanceController.h; sourceTree = "<group>"; };
		08977A141AABCB6C00E525D0 /* AppearanceController.m */ = {isa = PBXFileReference; fileEncoding = 4; lastKnownFileType = sourcecode.c.objc; path = AppearanceController.m; sourceTree = "<group>"; };
		08C8830D1AAD289200DFE40E /* QuartzCore.framework */ = {isa = PBXFileReference; lastKnownFileType = wrapper.framework; name = QuartzCore.framework; path = System/Library/Frameworks/QuartzCore.framework; sourceTree = SDKROOT; };
		08CA76631AB2660B00292997 /* UIColor+Colors.h */ = {isa = PBXFileReference; fileEncoding = 4; lastKnownFileType = sourcecode.c.h; path = "UIColor+Colors.h"; sourceTree = "<group>"; };
		08CA76641AB2660B00292997 /* UIColor+Colors.m */ = {isa = PBXFileReference; fileEncoding = 4; lastKnownFileType = sourcecode.c.objc; path = "UIColor+Colors.m"; sourceTree = "<group>"; };
		08D8F8CC1AACE7670015A4BD /* DeckCollectionViewLayout.h */ = {isa = PBXFileReference; fileEncoding = 4; lastKnownFileType = sourcecode.c.h; path = DeckCollectionViewLayout.h; sourceTree = "<group>"; };
		08D8F8CD1AACE7670015A4BD /* DeckCollectionViewLayout.m */ = {isa = PBXFileReference; fileEncoding = 4; lastKnownFileType = sourcecode.c.objc; path = DeckCollectionViewLayout.m; sourceTree = "<group>"; };
		08FE1E701AAA5F570068F0C9 /* cardalot.app */ = {isa = PBXFileReference; explicitFileType = wrapper.application; includeInIndex = 0; path = cardalot.app; sourceTree = BUILT_PRODUCTS_DIR; };
		08FE1E741AAA5F570068F0C9 /* Info.plist */ = {isa = PBXFileReference; lastKnownFileType = text.plist.xml; path = Info.plist; sourceTree = "<group>"; };
		08FE1E751AAA5F570068F0C9 /* main.m */ = {isa = PBXFileReference; lastKnownFileType = sourcecode.c.objc; path = main.m; sourceTree = "<group>"; };
		08FE1E771AAA5F570068F0C9 /* AppDelegate.h */ = {isa = PBXFileReference; lastKnownFileType = sourcecode.c.h; path = AppDelegate.h; sourceTree = "<group>"; };
		08FE1E781AAA5F570068F0C9 /* AppDelegate.m */ = {isa = PBXFileReference; lastKnownFileType = sourcecode.c.objc; path = AppDelegate.m; sourceTree = "<group>"; };
		08FE1E7A1AAA5F570068F0C9 /* DeckCollectionViewController.h */ = {isa = PBXFileReference; lastKnownFileType = sourcecode.c.h; path = DeckCollectionViewController.h; sourceTree = "<group>"; };
		08FE1E7B1AAA5F570068F0C9 /* DeckCollectionViewController.m */ = {isa = PBXFileReference; lastKnownFileType = sourcecode.c.objc; path = DeckCollectionViewController.m; sourceTree = "<group>"; };
		08FE1E7E1AAA5F570068F0C9 /* Base */ = {isa = PBXFileReference; lastKnownFileType = file.storyboard; name = Base; path = Base.lproj/Main.storyboard; sourceTree = "<group>"; };
		08FE1E801AAA5F570068F0C9 /* Images.xcassets */ = {isa = PBXFileReference; lastKnownFileType = folder.assetcatalog; path = Images.xcassets; sourceTree = "<group>"; };
		08FE1E831AAA5F570068F0C9 /* Base */ = {isa = PBXFileReference; lastKnownFileType = file.xib; name = Base; path = Base.lproj/LaunchScreen.xib; sourceTree = "<group>"; };
		08FE1E891AAA5F570068F0C9 /* cardalotTests.xctest */ = {isa = PBXFileReference; explicitFileType = wrapper.cfbundle; includeInIndex = 0; path = cardalotTests.xctest; sourceTree = BUILT_PRODUCTS_DIR; };
		08FE1E8E1AAA5F570068F0C9 /* Info.plist */ = {isa = PBXFileReference; lastKnownFileType = text.plist.xml; path = Info.plist; sourceTree = "<group>"; };
		08FE1E8F1AAA5F570068F0C9 /* cardalotTests.m */ = {isa = PBXFileReference; lastKnownFileType = sourcecode.c.objc; path = cardalotTests.m; sourceTree = "<group>"; };
		1E0294E2F64F78E379287CCE /* Pods-cardalot.release.xcconfig */ = {isa = PBXFileReference; includeInIndex = 1; lastKnownFileType = text.xcconfig; name = "Pods-cardalot.release.xcconfig"; path = "Pods/Target Support Files/Pods-cardalot/Pods-cardalot.release.xcconfig"; sourceTree = "<group>"; };
		7200CEB11AACE66000E84D55 /* HistoryViewController.h */ = {isa = PBXFileReference; fileEncoding = 4; lastKnownFileType = sourcecode.c.h; path = HistoryViewController.h; sourceTree = "<group>"; };
		7200CEB21AACE66000E84D55 /* HistoryViewController.m */ = {isa = PBXFileReference; fileEncoding = 4; lastKnownFileType = sourcecode.c.objc; path = HistoryViewController.m; sourceTree = "<group>"; };
		7200CEC01AAD1D9A00E84D55 /* CardCollectionViewController.h */ = {isa = PBXFileReference; fileEncoding = 4; lastKnownFileType = sourcecode.c.h; path = CardCollectionViewController.h; sourceTree = "<group>"; };
		7200CEC11AAD1D9A00E84D55 /* CardCollectionViewController.m */ = {isa = PBXFileReference; fileEncoding = 4; lastKnownFileType = sourcecode.c.objc; path = CardCollectionViewController.m; sourceTree = "<group>"; };
		7200CEC31AAD1E9800E84D55 /* CardCollectionViewCell.h */ = {isa = PBXFileReference; fileEncoding = 4; lastKnownFileType = sourcecode.c.h; path = CardCollectionViewCell.h; sourceTree = "<group>"; };
		7200CEC41AAD1E9800E84D55 /* CardCollectionViewCell.m */ = {isa = PBXFileReference; fileEncoding = 4; lastKnownFileType = sourcecode.c.objc; path = CardCollectionViewCell.m; sourceTree = "<group>"; };
		7200CEC61AAD1FD000E84D55 /* CardCollectionViewDataSource.h */ = {isa = PBXFileReference; fileEncoding = 4; lastKnownFileType = sourcecode.c.h; path = CardCollectionViewDataSource.h; sourceTree = "<group>"; };
		7200CEC71AAD1FD000E84D55 /* CardCollectionViewDataSource.m */ = {isa = PBXFileReference; fileEncoding = 4; lastKnownFileType = sourcecode.c.objc; path = CardCollectionViewDataSource.m; sourceTree = "<group>"; };
		7200D0EE1AB1393E00E84D55 /* CustomInputAccessoryView.h */ = {isa = PBXFileReference; fileEncoding = 4; lastKnownFileType = sourcecode.c.h; path = CustomInputAccessoryView.h; sourceTree = "<group>"; };
		7200D0EF1AB1393E00E84D55 /* CustomInputAccessoryView.m */ = {isa = PBXFileReference; fileEncoding = 4; lastKnownFileType = sourcecode.c.objc; path = CustomInputAccessoryView.m; sourceTree = "<group>"; };
		725180E51AAA6FAE00C446E5 /* Stack.h */ = {isa = PBXFileReference; fileEncoding = 4; lastKnownFileType = sourcecode.c.h; path = Stack.h; sourceTree = "<group>"; };
		725180E61AAA6FAE00C446E5 /* Stack.m */ = {isa = PBXFileReference; fileEncoding = 4; lastKnownFileType = sourcecode.c.objc; path = Stack.m; sourceTree = "<group>"; };
		725180E91AAA751600C446E5 /* Model.xcdatamodel */ = {isa = PBXFileReference; lastKnownFileType = wrapper.xcdatamodel; path = Model.xcdatamodel; sourceTree = "<group>"; };
		725180EB1AAA772900C446E5 /* Deck.h */ = {isa = PBXFileReference; fileEncoding = 4; lastKnownFileType = sourcecode.c.h; path = Deck.h; sourceTree = "<group>"; };
		725180EC1AAA772900C446E5 /* Deck.m */ = {isa = PBXFileReference; fileEncoding = 4; lastKnownFileType = sourcecode.c.objc; path = Deck.m; sourceTree = "<group>"; };
		725180EE1AAA772A00C446E5 /* Card.h */ = {isa = PBXFileReference; fileEncoding = 4; lastKnownFileType = sourcecode.c.h; path = Card.h; sourceTree = "<group>"; };
		725180EF1AAA772A00C446E5 /* Card.m */ = {isa = PBXFileReference; fileEncoding = 4; lastKnownFileType = sourcecode.c.objc; path = Card.m; sourceTree = "<group>"; };
		725180F11AAA7AFE00C446E5 /* DeckController.h */ = {isa = PBXFileReference; fileEncoding = 4; lastKnownFileType = sourcecode.c.h; path = DeckController.h; sourceTree = "<group>"; };
		725180F21AAA7AFE00C446E5 /* DeckController.m */ = {isa = PBXFileReference; fileEncoding = 4; lastKnownFileType = sourcecode.c.objc; path = DeckController.m; sourceTree = "<group>"; };
		725180F41AAA965800C446E5 /* DeckCollectionViewDataSource.h */ = {isa = PBXFileReference; fileEncoding = 4; lastKnownFileType = sourcecode.c.h; path = DeckCollectionViewDataSource.h; sourceTree = "<group>"; };
		725180F51AAA965900C446E5 /* DeckCollectionViewDataSource.m */ = {isa = PBXFileReference; fileEncoding = 4; lastKnownFileType = sourcecode.c.objc; path = DeckCollectionViewDataSource.m; sourceTree = "<group>"; };
		72C1E19D1AB278890041E2C8 /* Quiz.h */ = {isa = PBXFileReference; fileEncoding = 4; lastKnownFileType = sourcecode.c.h; path = Quiz.h; sourceTree = "<group>"; };
		72C1E19E1AB278890041E2C8 /* Quiz.m */ = {isa = PBXFileReference; fileEncoding = 4; lastKnownFileType = sourcecode.c.objc; path = Quiz.m; sourceTree = "<group>"; };
		72C1E1A01AB2788A0041E2C8 /* Study.h */ = {isa = PBXFileReference; fileEncoding = 4; lastKnownFileType = sourcecode.c.h; path = Study.h; sourceTree = "<group>"; };
		72C1E1A11AB2788A0041E2C8 /* Study.m */ = {isa = PBXFileReference; fileEncoding = 4; lastKnownFileType = sourcecode.c.objc; path = Study.m; sourceTree = "<group>"; };
		72C1E1A31AB278E10041E2C8 /* StatsViewController.h */ = {isa = PBXFileReference; fileEncoding = 4; lastKnownFileType = sourcecode.c.h; path = StatsViewController.h; sourceTree = "<group>"; };
		72C1E1A41AB278E10041E2C8 /* StatsViewController.m */ = {isa = PBXFileReference; fileEncoding = 4; lastKnownFileType = sourcecode.c.objc; path = StatsViewController.m; sourceTree = "<group>"; };
		72C1E1A61AB279E60041E2C8 /* StatsTableViewDataSource.h */ = {isa = PBXFileReference; fileEncoding = 4; lastKnownFileType = sourcecode.c.h; path = StatsTableViewDataSource.h; sourceTree = "<group>"; };
		72C1E1A71AB279E60041E2C8 /* StatsTableViewDataSource.m */ = {isa = PBXFileReference; fileEncoding = 4; lastKnownFileType = sourcecode.c.objc; path = StatsTableViewDataSource.m; sourceTree = "<group>"; };
		72C1E1AC1AB27BAB0041E2C8 /* StatsTableViewCell.h */ = {isa = PBXFileReference; fileEncoding = 4; lastKnownFileType = sourcecode.c.h; path = StatsTableViewCell.h; sourceTree = "<group>"; };
		72C1E1AD1AB27BAB0041E2C8 /* StatsTableViewCell.m */ = {isa = PBXFileReference; fileEncoding = 4; lastKnownFileType = sourcecode.c.objc; path = StatsTableViewCell.m; sourceTree = "<group>"; };
		72C1E1AE1AB27BAB0041E2C8 /* StatsTableViewCell.xib */ = {isa = PBXFileReference; fileEncoding = 4; lastKnownFileType = file.xib; path = StatsTableViewCell.xib; sourceTree = "<group>"; };
		D497B0555BFD87161A2C78C4 /* Pods-cardalot.debug.xcconfig */ = {isa = PBXFileReference; includeInIndex = 1; lastKnownFileType = text.xcconfig; name = "Pods-cardalot.debug.xcconfig"; path = "Pods/Target Support Files/Pods-cardalot/Pods-cardalot.debug.xcconfig"; sourceTree = "<group>"; };
		EC8B54A570249508FE757348 /* libPods-cardalot.a */ = {isa = PBXFileReference; explicitFileType = archive.ar; includeInIndex = 0; path = "libPods-cardalot.a"; sourceTree = BUILT_PRODUCTS_DIR; };
		FF8F0AC51AAE579A00BDD975 /* BackTextCell.h */ = {isa = PBXFileReference; fileEncoding = 4; lastKnownFileType = sourcecode.c.h; path = BackTextCell.h; sourceTree = "<group>"; };
		FF8F0AC61AAE579A00BDD975 /* BackTextCell.m */ = {isa = PBXFileReference; fileEncoding = 4; lastKnownFileType = sourcecode.c.objc; path = BackTextCell.m; sourceTree = "<group>"; };
		FF8F0AC71AAE579A00BDD975 /* BackTextCell.xib */ = {isa = PBXFileReference; fileEncoding = 4; lastKnownFileType = file.xib; path = BackTextCell.xib; sourceTree = "<group>"; };
		FF8F0AC81AAE579A00BDD975 /* CardViewController.h */ = {isa = PBXFileReference; fileEncoding = 4; lastKnownFileType = sourcecode.c.h; path = CardViewController.h; sourceTree = "<group>"; };
		FF8F0AC91AAE579A00BDD975 /* CardViewController.m */ = {isa = PBXFileReference; fileEncoding = 4; lastKnownFileType = sourcecode.c.objc; path = CardViewController.m; sourceTree = "<group>"; };
		FF8F0ACA1AAE579A00BDD975 /* deckTagCell.h */ = {isa = PBXFileReference; fileEncoding = 4; lastKnownFileType = sourcecode.c.h; path = deckTagCell.h; sourceTree = "<group>"; };
		FF8F0ACB1AAE579A00BDD975 /* deckTagCell.m */ = {isa = PBXFileReference; fileEncoding = 4; lastKnownFileType = sourcecode.c.objc; path = deckTagCell.m; sourceTree = "<group>"; };
		FF8F0ACC1AAE579A00BDD975 /* deckTagCell.xib */ = {isa = PBXFileReference; fileEncoding = 4; lastKnownFileType = file.xib; path = deckTagCell.xib; sourceTree = "<group>"; };
		FF8F0ACD1AAE579A00BDD975 /* frontTextCell.h */ = {isa = PBXFileReference; fileEncoding = 4; lastKnownFileType = sourcecode.c.h; path = frontTextCell.h; sourceTree = "<group>"; };
		FF8F0ACE1AAE579A00BDD975 /* frontTextCell.m */ = {isa = PBXFileReference; fileEncoding = 4; lastKnownFileType = sourcecode.c.objc; path = frontTextCell.m; sourceTree = "<group>"; };
		FF8F0ACF1AAE579A00BDD975 /* frontTextCell.xib */ = {isa = PBXFileReference; fileEncoding = 4; lastKnownFileType = file.xib; path = frontTextCell.xib; sourceTree = "<group>"; };
/* End PBXFileReference section */

/* Begin PBXFrameworksBuildPhase section */
		08FE1E6D1AAA5F570068F0C9 /* Frameworks */ = {
			isa = PBXFrameworksBuildPhase;
			buildActionMask = 2147483647;
			files = (
				08C8830E1AAD289200DFE40E /* QuartzCore.framework in Frameworks */,
				3B050E253021896E149A532F /* libPods-cardalot.a in Frameworks */,
			);
			runOnlyForDeploymentPostprocessing = 0;
		};
		08FE1E861AAA5F570068F0C9 /* Frameworks */ = {
			isa = PBXFrameworksBuildPhase;
			buildActionMask = 2147483647;
			files = (
			);
			runOnlyForDeploymentPostprocessing = 0;
		};
/* End PBXFrameworksBuildPhase section */

/* Begin PBXGroup section */
		08662EE21AAF9F9600BE440E /* StudyViewController */ = {
			isa = PBXGroup;
			children = (
				08662ED01AAF9CA100BE440E /* StudyDraggableViewBackground.h */,
				08662ED11AAF9CA100BE440E /* StudyDraggableViewBackground.m */,
				08662ED31AAF9CC000BE440E /* StudyDraggableView.h */,
				08662ED41AAF9CC000BE440E /* StudyDraggableView.m */,
				08662ED61AAF9CD400BE440E /* StudySubjectView.h */,
				08662ED71AAF9CD400BE440E /* StudySubjectView.m */,
				08662ED91AAF9CDF00BE440E /* StudyDescriptionView.h */,
				08662EDA1AAF9CDF00BE440E /* StudyDescriptionView.m */,
				08662EDC1AAF9CE800BE440E /* StudyOverlayView.h */,
				08662EDD1AAF9CE800BE440E /* StudyOverlayView.m */,
				08662EDF1AAF9F8D00BE440E /* StudyViewController.h */,
				08662EE01AAF9F8D00BE440E /* StudyViewController.m */,
			);
			name = StudyViewController;
			sourceTree = "<group>";
		};
		08D8F8CB1AACE7290015A4BD /* DeckCollectionView Layout */ = {
			isa = PBXGroup;
			children = (
				08D8F8CC1AACE7670015A4BD /* DeckCollectionViewLayout.h */,
				08D8F8CD1AACE7670015A4BD /* DeckCollectionViewLayout.m */,
			);
			name = "DeckCollectionView Layout";
			sourceTree = "<group>";
		};
		08FE1E671AAA5F570068F0C9 = {
			isa = PBXGroup;
			children = (
				08FE1E721AAA5F570068F0C9 /* cardalot */,
				08FE1E8C1AAA5F570068F0C9 /* cardalotTests */,
				08FE1E711AAA5F570068F0C9 /* Products */,
				6E06EBD7635169F25D1075C8 /* Pods */,
				66ADD19846CF93B05FF3AC8F /* Frameworks */,
			);
			sourceTree = "<group>";
		};
		08FE1E711AAA5F570068F0C9 /* Products */ = {
			isa = PBXGroup;
			children = (
				08FE1E701AAA5F570068F0C9 /* cardalot.app */,
				08FE1E891AAA5F570068F0C9 /* cardalotTests.xctest */,
			);
			name = Products;
			sourceTree = "<group>";
		};
		08FE1E721AAA5F570068F0C9 /* cardalot */ = {
			isa = PBXGroup;
			children = (
				08FE1E771AAA5F570068F0C9 /* AppDelegate.h */,
				08FE1E781AAA5F570068F0C9 /* AppDelegate.m */,
				08977A131AABCB6C00E525D0 /* AppearanceController.h */,
				08977A141AABCB6C00E525D0 /* AppearanceController.m */,
				08CA76631AB2660B00292997 /* UIColor+Colors.h */,
				08CA76641AB2660B00292997 /* UIColor+Colors.m */,
				7200D0EE1AB1393E00E84D55 /* CustomInputAccessoryView.h */,
				7200D0EF1AB1393E00E84D55 /* CustomInputAccessoryView.m */,
				72C1E1A31AB278E10041E2C8 /* StatsViewController.h */,
				72C1E1A41AB278E10041E2C8 /* StatsViewController.m */,
				72C1E1AC1AB27BAB0041E2C8 /* StatsTableViewCell.h */,
				72C1E1AD1AB27BAB0041E2C8 /* StatsTableViewCell.m */,
				72C1E1AE1AB27BAB0041E2C8 /* StatsTableViewCell.xib */,
				72C1E1A61AB279E60041E2C8 /* StatsTableViewDataSource.h */,
				72C1E1A71AB279E60041E2C8 /* StatsTableViewDataSource.m */,
				FF8F0AD81AAE592200BDD975 /* Deck Collection View */,
				FF8F0AD91AAE594000BDD975 /* Card Collection View */,
				FF8F0AC41AAE577F00BDD975 /* Card Entry View */,
				08662EE21AAF9F9600BE440E /* StudyViewController */,
				7200CEB11AACE66000E84D55 /* HistoryViewController.h */,
				7200CEB21AACE66000E84D55 /* HistoryViewController.m */,
				725180F11AAA7AFE00C446E5 /* DeckController.h */,
				725180F21AAA7AFE00C446E5 /* DeckController.m */,
				FF8F0ADA1AAE597200BDD975 /* Model */,
				08FE1E7D1AAA5F570068F0C9 /* Main.storyboard */,
				08FE1E801AAA5F570068F0C9 /* Images.xcassets */,
				08FE1E821AAA5F570068F0C9 /* LaunchScreen.xib */,
				08FE1E731AAA5F570068F0C9 /* Supporting Files */,
			);
			path = cardalot;
			sourceTree = "<group>";
		};
		08FE1E731AAA5F570068F0C9 /* Supporting Files */ = {
			isa = PBXGroup;
			children = (
				08FE1E741AAA5F570068F0C9 /* Info.plist */,
				08FE1E751AAA5F570068F0C9 /* main.m */,
			);
			name = "Supporting Files";
			sourceTree = "<group>";
		};
		08FE1E8C1AAA5F570068F0C9 /* cardalotTests */ = {
			isa = PBXGroup;
			children = (
				08FE1E8F1AAA5F570068F0C9 /* cardalotTests.m */,
				08FE1E8D1AAA5F570068F0C9 /* Supporting Files */,
			);
			path = cardalotTests;
			sourceTree = "<group>";
		};
		08FE1E8D1AAA5F570068F0C9 /* Supporting Files */ = {
			isa = PBXGroup;
			children = (
				08FE1E8E1AAA5F570068F0C9 /* Info.plist */,
			);
			name = "Supporting Files";
			sourceTree = "<group>";
		};
		66ADD19846CF93B05FF3AC8F /* Frameworks */ = {
			isa = PBXGroup;
			children = (
				08C8830D1AAD289200DFE40E /* QuartzCore.framework */,
				EC8B54A570249508FE757348 /* libPods-cardalot.a */,
			);
			name = Frameworks;
			sourceTree = "<group>";
		};
		6E06EBD7635169F25D1075C8 /* Pods */ = {
			isa = PBXGroup;
			children = (
				D497B0555BFD87161A2C78C4 /* Pods-cardalot.debug.xcconfig */,
				1E0294E2F64F78E379287CCE /* Pods-cardalot.release.xcconfig */,
			);
			name = Pods;
			sourceTree = "<group>";
		};
		FF8F0AC41AAE577F00BDD975 /* Card Entry View */ = {
			isa = PBXGroup;
			children = (
				FF8F0AC81AAE579A00BDD975 /* CardViewController.h */,
				FF8F0AC91AAE579A00BDD975 /* CardViewController.m */,
				FF8F0AD71AAE57AA00BDD975 /* UI Class Cells */,
			);
			name = "Card Entry View";
			sourceTree = "<group>";
		};
		FF8F0AD71AAE57AA00BDD975 /* UI Class Cells */ = {
			isa = PBXGroup;
			children = (
				FF8F0AC51AAE579A00BDD975 /* BackTextCell.h */,
				FF8F0AC61AAE579A00BDD975 /* BackTextCell.m */,
				FF8F0AC71AAE579A00BDD975 /* BackTextCell.xib */,
				FF8F0ACA1AAE579A00BDD975 /* deckTagCell.h */,
				FF8F0ACB1AAE579A00BDD975 /* deckTagCell.m */,
				FF8F0ACC1AAE579A00BDD975 /* deckTagCell.xib */,
				FF8F0ACD1AAE579A00BDD975 /* frontTextCell.h */,
				FF8F0ACE1AAE579A00BDD975 /* frontTextCell.m */,
				FF8F0ACF1AAE579A00BDD975 /* frontTextCell.xib */,
			);
			name = "UI Class Cells";
			sourceTree = "<group>";
		};
		FF8F0AD81AAE592200BDD975 /* Deck Collection View */ = {
			isa = PBXGroup;
			children = (
				08FE1E7A1AAA5F570068F0C9 /* DeckCollectionViewController.h */,
				08FE1E7B1AAA5F570068F0C9 /* DeckCollectionViewController.m */,
				725180F41AAA965800C446E5 /* DeckCollectionViewDataSource.h */,
				725180F51AAA965900C446E5 /* DeckCollectionViewDataSource.m */,
				0868F52D1AABDD58008CA47D /* DeckCollectionViewCell.h */,
				0868F52E1AABDD58008CA47D /* DeckCollectionViewCell.m */,
				0868F52F1AABDD58008CA47D /* DeckCollectionViewCell.xib */,
				08D8F8CB1AACE7290015A4BD /* DeckCollectionView Layout */,
			);
			name = "Deck Collection View";
			sourceTree = "<group>";
		};
		FF8F0AD91AAE594000BDD975 /* Card Collection View */ = {
			isa = PBXGroup;
			children = (
				7200CEC01AAD1D9A00E84D55 /* CardCollectionViewController.h */,
				7200CEC11AAD1D9A00E84D55 /* CardCollectionViewController.m */,
				7200CEC31AAD1E9800E84D55 /* CardCollectionViewCell.h */,
				7200CEC41AAD1E9800E84D55 /* CardCollectionViewCell.m */,
				7200CEC61AAD1FD000E84D55 /* CardCollectionViewDataSource.h */,
				7200CEC71AAD1FD000E84D55 /* CardCollectionViewDataSource.m */,
			);
			name = "Card Collection View";
			sourceTree = "<group>";
		};
		FF8F0ADA1AAE597200BDD975 /* Model */ = {
			isa = PBXGroup;
			children = (
				725180E51AAA6FAE00C446E5 /* Stack.h */,
				725180E61AAA6FAE00C446E5 /* Stack.m */,
				725180E81AAA751600C446E5 /* Model.xcdatamodeld */,
				72C1E1A01AB2788A0041E2C8 /* Study.h */,
				72C1E1A11AB2788A0041E2C8 /* Study.m */,
				72C1E19D1AB278890041E2C8 /* Quiz.h */,
				72C1E19E1AB278890041E2C8 /* Quiz.m */,
				725180EE1AAA772A00C446E5 /* Card.h */,
				725180EF1AAA772A00C446E5 /* Card.m */,
				725180EB1AAA772900C446E5 /* Deck.h */,
				725180EC1AAA772900C446E5 /* Deck.m */,
			);
			name = Model;
			sourceTree = "<group>";
		};
/* End PBXGroup section */

/* Begin PBXNativeTarget section */
		08FE1E6F1AAA5F570068F0C9 /* cardalot */ = {
			isa = PBXNativeTarget;
			buildConfigurationList = 08FE1E931AAA5F570068F0C9 /* Build configuration list for PBXNativeTarget "cardalot" */;
			buildPhases = (
				6AE9804A54213E9D2730F29C /* Check Pods Manifest.lock */,
				08FE1E6C1AAA5F570068F0C9 /* Sources */,
				08FE1E6D1AAA5F570068F0C9 /* Frameworks */,
				08FE1E6E1AAA5F570068F0C9 /* Resources */,
				1A96D18054B89DDB1AA2C52A /* Copy Pods Resources */,
			);
			buildRules = (
			);
			dependencies = (
			);
			name = cardalot;
			productName = cardalot;
			productReference = 08FE1E701AAA5F570068F0C9 /* cardalot.app */;
			productType = "com.apple.product-type.application";
		};
		08FE1E881AAA5F570068F0C9 /* cardalotTests */ = {
			isa = PBXNativeTarget;
			buildConfigurationList = 08FE1E961AAA5F570068F0C9 /* Build configuration list for PBXNativeTarget "cardalotTests" */;
			buildPhases = (
				08FE1E851AAA5F570068F0C9 /* Sources */,
				08FE1E861AAA5F570068F0C9 /* Frameworks */,
				08FE1E871AAA5F570068F0C9 /* Resources */,
			);
			buildRules = (
			);
			dependencies = (
				08FE1E8B1AAA5F570068F0C9 /* PBXTargetDependency */,
			);
			name = cardalotTests;
			productName = cardalotTests;
			productReference = 08FE1E891AAA5F570068F0C9 /* cardalotTests.xctest */;
			productType = "com.apple.product-type.bundle.unit-test";
		};
/* End PBXNativeTarget section */

/* Begin PBXProject section */
		08FE1E681AAA5F570068F0C9 /* Project object */ = {
			isa = PBXProject;
			attributes = {
				LastUpgradeCheck = 0610;
				ORGANIZATIONNAME = "Jason Choi";
				TargetAttributes = {
					08FE1E6F1AAA5F570068F0C9 = {
						CreatedOnToolsVersion = 6.1.1;
						DevelopmentTeam = GQHC8CPYGZ;
					};
					08FE1E881AAA5F570068F0C9 = {
						CreatedOnToolsVersion = 6.1.1;
						DevelopmentTeam = GQHC8CPYGZ;
						TestTargetID = 08FE1E6F1AAA5F570068F0C9;
					};
				};
			};
			buildConfigurationList = 08FE1E6B1AAA5F570068F0C9 /* Build configuration list for PBXProject "cardalot" */;
			compatibilityVersion = "Xcode 3.2";
			developmentRegion = English;
			hasScannedForEncodings = 0;
			knownRegions = (
				en,
				Base,
			);
			mainGroup = 08FE1E671AAA5F570068F0C9;
			productRefGroup = 08FE1E711AAA5F570068F0C9 /* Products */;
			projectDirPath = "";
			projectRoot = "";
			targets = (
				08FE1E6F1AAA5F570068F0C9 /* cardalot */,
				08FE1E881AAA5F570068F0C9 /* cardalotTests */,
			);
		};
/* End PBXProject section */

/* Begin PBXResourcesBuildPhase section */
		08FE1E6E1AAA5F570068F0C9 /* Resources */ = {
			isa = PBXResourcesBuildPhase;
			buildActionMask = 2147483647;
			files = (
				FF8F0AD61AAE579A00BDD975 /* frontTextCell.xib in Resources */,
				72C1E1B01AB27BAB0041E2C8 /* StatsTableViewCell.xib in Resources */,
				08FE1E7F1AAA5F570068F0C9 /* Main.storyboard in Resources */,
				FF8F0AD41AAE579A00BDD975 /* deckTagCell.xib in Resources */,
				0868F5311AABDD58008CA47D /* DeckCollectionViewCell.xib in Resources */,
				08FE1E841AAA5F570068F0C9 /* LaunchScreen.xib in Resources */,
				08FE1E811AAA5F570068F0C9 /* Images.xcassets in Resources */,
				FF8F0AD11AAE579A00BDD975 /* BackTextCell.xib in Resources */,
			);
			runOnlyForDeploymentPostprocessing = 0;
		};
		08FE1E871AAA5F570068F0C9 /* Resources */ = {
			isa = PBXResourcesBuildPhase;
			buildActionMask = 2147483647;
			files = (
			);
			runOnlyForDeploymentPostprocessing = 0;
		};
/* End PBXResourcesBuildPhase section */

/* Begin PBXShellScriptBuildPhase section */
		1A96D18054B89DDB1AA2C52A /* Copy Pods Resources */ = {
			isa = PBXShellScriptBuildPhase;
			buildActionMask = 2147483647;
			files = (
			);
			inputPaths = (
			);
			name = "Copy Pods Resources";
			outputPaths = (
			);
			runOnlyForDeploymentPostprocessing = 0;
			shellPath = /bin/sh;
			shellScript = "\"${SRCROOT}/Pods/Target Support Files/Pods-cardalot/Pods-cardalot-resources.sh\"\n";
			showEnvVarsInLog = 0;
		};
		6AE9804A54213E9D2730F29C /* Check Pods Manifest.lock */ = {
			isa = PBXShellScriptBuildPhase;
			buildActionMask = 2147483647;
			files = (
			);
			inputPaths = (
			);
			name = "Check Pods Manifest.lock";
			outputPaths = (
			);
			runOnlyForDeploymentPostprocessing = 0;
			shellPath = /bin/sh;
			shellScript = "diff \"${PODS_ROOT}/../Podfile.lock\" \"${PODS_ROOT}/Manifest.lock\" > /dev/null\nif [[ $? != 0 ]] ; then\n    cat << EOM\nerror: The sandbox is not in sync with the Podfile.lock. Run 'pod install' or update your CocoaPods installation.\nEOM\n    exit 1\nfi\n";
			showEnvVarsInLog = 0;
		};
/* End PBXShellScriptBuildPhase section */

/* Begin PBXSourcesBuildPhase section */
		08FE1E6C1AAA5F570068F0C9 /* Sources */ = {
			isa = PBXSourcesBuildPhase;
			buildActionMask = 2147483647;
			files = (
				08662ED81AAF9CD400BE440E /* StudySubjectView.m in Sources */,
				72C1E1AF1AB27BAB0041E2C8 /* StatsTableViewCell.m in Sources */,
				725180E71AAA6FAE00C446E5 /* Stack.m in Sources */,
				FF8F0AD01AAE579A00BDD975 /* BackTextCell.m in Sources */,
				08977A151AABCB6C00E525D0 /* AppearanceController.m in Sources */,
				08FE1E7C1AAA5F570068F0C9 /* DeckCollectionViewController.m in Sources */,
				08CA76651AB2660B00292997 /* UIColor+Colors.m in Sources */,
				08662EDE1AAF9CE800BE440E /* StudyOverlayView.m in Sources */,
				72C1E19F1AB278890041E2C8 /* Quiz.m in Sources */,
				FF8F0AD51AAE579A00BDD975 /* frontTextCell.m in Sources */,
				725180F61AAA965900C446E5 /* DeckCollectionViewDataSource.m in Sources */,
				725180EA1AAA751600C446E5 /* Model.xcdatamodeld in Sources */,
				08FE1E791AAA5F570068F0C9 /* AppDelegate.m in Sources */,
				08662EDB1AAF9CDF00BE440E /* StudyDescriptionView.m in Sources */,
				725180ED1AAA772900C446E5 /* Deck.m in Sources */,
				08662ED21AAF9CA100BE440E /* StudyDraggableViewBackground.m in Sources */,
				725180F01AAA772A00C446E5 /* Card.m in Sources */,
				725180F31AAA7AFE00C446E5 /* DeckController.m in Sources */,
				FF8F0AD31AAE579A00BDD975 /* deckTagCell.m in Sources */,
				08D8F8CE1AACE7670015A4BD /* DeckCollectionViewLayout.m in Sources */,
				08FE1E761AAA5F570068F0C9 /* main.m in Sources */,
				7200D0F01AB1393E00E84D55 /* CustomInputAccessoryView.m in Sources */,
				0868F5301AABDD58008CA47D /* DeckCollectionViewCell.m in Sources */,
				08662ED51AAF9CC000BE440E /* StudyDraggableView.m in Sources */,
				7200CEC21AAD1D9A00E84D55 /* CardCollectionViewController.m in Sources */,
				FF8F0AD21AAE579A00BDD975 /* CardViewController.m in Sources */,
				7200CEC81AAD1FD000E84D55 /* CardCollectionViewDataSource.m in Sources */,
				72C1E1A21AB2788A0041E2C8 /* Study.m in Sources */,
				72C1E1A51AB278E10041E2C8 /* StatsViewController.m in Sources */,
				7200CEC51AAD1E9800E84D55 /* CardCollectionViewCell.m in Sources */,
				08662EE11AAF9F8D00BE440E /* StudyViewController.m in Sources */,
				72C1E1A81AB279E60041E2C8 /* StatsTableViewDataSource.m in Sources */,
				7200CEB31AACE66000E84D55 /* HistoryViewController.m in Sources */,
			);
			runOnlyForDeploymentPostprocessing = 0;
		};
		08FE1E851AAA5F570068F0C9 /* Sources */ = {
			isa = PBXSourcesBuildPhase;
			buildActionMask = 2147483647;
			files = (
				08FE1E901AAA5F570068F0C9 /* cardalotTests.m in Sources */,
			);
			runOnlyForDeploymentPostprocessing = 0;
		};
/* End PBXSourcesBuildPhase section */

/* Begin PBXTargetDependency section */
		08FE1E8B1AAA5F570068F0C9 /* PBXTargetDependency */ = {
			isa = PBXTargetDependency;
			target = 08FE1E6F1AAA5F570068F0C9 /* cardalot */;
			targetProxy = 08FE1E8A1AAA5F570068F0C9 /* PBXContainerItemProxy */;
		};
/* End PBXTargetDependency section */

/* Begin PBXVariantGroup section */
		08FE1E7D1AAA5F570068F0C9 /* Main.storyboard */ = {
			isa = PBXVariantGroup;
			children = (
				08FE1E7E1AAA5F570068F0C9 /* Base */,
			);
			name = Main.storyboard;
			sourceTree = "<group>";
		};
		08FE1E821AAA5F570068F0C9 /* LaunchScreen.xib */ = {
			isa = PBXVariantGroup;
			children = (
				08FE1E831AAA5F570068F0C9 /* Base */,
			);
			name = LaunchScreen.xib;
			sourceTree = "<group>";
		};
/* End PBXVariantGroup section */

/* Begin XCBuildConfiguration section */
		08FE1E911AAA5F570068F0C9 /* Debug */ = {
			isa = XCBuildConfiguration;
			buildSettings = {
				ALWAYS_SEARCH_USER_PATHS = NO;
				CLANG_CXX_LANGUAGE_STANDARD = "gnu++0x";
				CLANG_CXX_LIBRARY = "libc++";
				CLANG_ENABLE_MODULES = YES;
				CLANG_ENABLE_OBJC_ARC = YES;
				CLANG_WARN_BOOL_CONVERSION = YES;
				CLANG_WARN_CONSTANT_CONVERSION = YES;
				CLANG_WARN_DIRECT_OBJC_ISA_USAGE = YES_ERROR;
				CLANG_WARN_EMPTY_BODY = YES;
				CLANG_WARN_ENUM_CONVERSION = YES;
				CLANG_WARN_INT_CONVERSION = YES;
				CLANG_WARN_OBJC_ROOT_CLASS = YES_ERROR;
				CLANG_WARN_UNREACHABLE_CODE = YES;
				CLANG_WARN__DUPLICATE_METHOD_MATCH = YES;
				"CODE_SIGN_IDENTITY[sdk=iphoneos*]" = "iPhone Developer";
				COPY_PHASE_STRIP = NO;
				ENABLE_STRICT_OBJC_MSGSEND = YES;
				GCC_C_LANGUAGE_STANDARD = gnu99;
				GCC_DYNAMIC_NO_PIC = NO;
				GCC_OPTIMIZATION_LEVEL = 0;
				GCC_PREPROCESSOR_DEFINITIONS = (
					"DEBUG=1",
					"$(inherited)",
				);
				GCC_SYMBOLS_PRIVATE_EXTERN = NO;
				GCC_WARN_64_TO_32_BIT_CONVERSION = YES;
				GCC_WARN_ABOUT_RETURN_TYPE = YES_ERROR;
				GCC_WARN_UNDECLARED_SELECTOR = YES;
				GCC_WARN_UNINITIALIZED_AUTOS = YES_AGGRESSIVE;
				GCC_WARN_UNUSED_FUNCTION = YES;
				GCC_WARN_UNUSED_VARIABLE = YES;
				IPHONEOS_DEPLOYMENT_TARGET = 8.1;
				MTL_ENABLE_DEBUG_INFO = YES;
				ONLY_ACTIVE_ARCH = YES;
				SDKROOT = iphoneos;
			};
			name = Debug;
		};
		08FE1E921AAA5F570068F0C9 /* Release */ = {
			isa = XCBuildConfiguration;
			buildSettings = {
				ALWAYS_SEARCH_USER_PATHS = NO;
				CLANG_CXX_LANGUAGE_STANDARD = "gnu++0x";
				CLANG_CXX_LIBRARY = "libc++";
				CLANG_ENABLE_MODULES = YES;
				CLANG_ENABLE_OBJC_ARC = YES;
				CLANG_WARN_BOOL_CONVERSION = YES;
				CLANG_WARN_CONSTANT_CONVERSION = YES;
				CLANG_WARN_DIRECT_OBJC_ISA_USAGE = YES_ERROR;
				CLANG_WARN_EMPTY_BODY = YES;
				CLANG_WARN_ENUM_CONVERSION = YES;
				CLANG_WARN_INT_CONVERSION = YES;
				CLANG_WARN_OBJC_ROOT_CLASS = YES_ERROR;
				CLANG_WARN_UNREACHABLE_CODE = YES;
				CLANG_WARN__DUPLICATE_METHOD_MATCH = YES;
				"CODE_SIGN_IDENTITY[sdk=iphoneos*]" = "iPhone Developer";
				COPY_PHASE_STRIP = YES;
				ENABLE_NS_ASSERTIONS = NO;
				ENABLE_STRICT_OBJC_MSGSEND = YES;
				GCC_C_LANGUAGE_STANDARD = gnu99;
				GCC_WARN_64_TO_32_BIT_CONVERSION = YES;
				GCC_WARN_ABOUT_RETURN_TYPE = YES_ERROR;
				GCC_WARN_UNDECLARED_SELECTOR = YES;
				GCC_WARN_UNINITIALIZED_AUTOS = YES_AGGRESSIVE;
				GCC_WARN_UNUSED_FUNCTION = YES;
				GCC_WARN_UNUSED_VARIABLE = YES;
				IPHONEOS_DEPLOYMENT_TARGET = 8.1;
				MTL_ENABLE_DEBUG_INFO = NO;
				SDKROOT = iphoneos;
				VALIDATE_PRODUCT = YES;
			};
			name = Release;
		};
		08FE1E941AAA5F570068F0C9 /* Debug */ = {
			isa = XCBuildConfiguration;
			baseConfigurationReference = D497B0555BFD87161A2C78C4 /* Pods-cardalot.debug.xcconfig */;
			buildSettings = {
				ASSETCATALOG_COMPILER_APPICON_NAME = AppIcon;
				INFOPLIST_FILE = cardalot/Info.plist;
				LD_RUNPATH_SEARCH_PATHS = "$(inherited) @executable_path/Frameworks";
				PRODUCT_NAME = "$(TARGET_NAME)";
			};
			name = Debug;
		};
		08FE1E951AAA5F570068F0C9 /* Release */ = {
			isa = XCBuildConfiguration;
			baseConfigurationReference = 1E0294E2F64F78E379287CCE /* Pods-cardalot.release.xcconfig */;
			buildSettings = {
				ASSETCATALOG_COMPILER_APPICON_NAME = AppIcon;
				INFOPLIST_FILE = cardalot/Info.plist;
				LD_RUNPATH_SEARCH_PATHS = "$(inherited) @executable_path/Frameworks";
				PRODUCT_NAME = "$(TARGET_NAME)";
			};
			name = Release;
		};
		08FE1E971AAA5F570068F0C9 /* Debug */ = {
			isa = XCBuildConfiguration;
			buildSettings = {
				BUNDLE_LOADER = "$(TEST_HOST)";
				FRAMEWORK_SEARCH_PATHS = (
					"$(SDKROOT)/Developer/Library/Frameworks",
					"$(inherited)",
				);
				GCC_PREPROCESSOR_DEFINITIONS = (
					"DEBUG=1",
					"$(inherited)",
				);
				INFOPLIST_FILE = cardalotTests/Info.plist;
				LD_RUNPATH_SEARCH_PATHS = "$(inherited) @executable_path/Frameworks @loader_path/Frameworks";
				PRODUCT_NAME = "$(TARGET_NAME)";
				TEST_HOST = "$(BUILT_PRODUCTS_DIR)/cardalot.app/cardalot";
			};
			name = Debug;
		};
		08FE1E981AAA5F570068F0C9 /* Release */ = {
			isa = XCBuildConfiguration;
			buildSettings = {
				BUNDLE_LOADER = "$(TEST_HOST)";
				FRAMEWORK_SEARCH_PATHS = (
					"$(SDKROOT)/Developer/Library/Frameworks",
					"$(inherited)",
				);
				INFOPLIST_FILE = cardalotTests/Info.plist;
				LD_RUNPATH_SEARCH_PATHS = "$(inherited) @executable_path/Frameworks @loader_path/Frameworks";
				PRODUCT_NAME = "$(TARGET_NAME)";
				TEST_HOST = "$(BUILT_PRODUCTS_DIR)/cardalot.app/cardalot";
			};
			name = Release;
		};
/* End XCBuildConfiguration section */

/* Begin XCConfigurationList section */
		08FE1E6B1AAA5F570068F0C9 /* Build configuration list for PBXProject "cardalot" */ = {
			isa = XCConfigurationList;
			buildConfigurations = (
				08FE1E911AAA5F570068F0C9 /* Debug */,
				08FE1E921AAA5F570068F0C9 /* Release */,
			);
			defaultConfigurationIsVisible = 0;
			defaultConfigurationName = Release;
		};
		08FE1E931AAA5F570068F0C9 /* Build configuration list for PBXNativeTarget "cardalot" */ = {
			isa = XCConfigurationList;
			buildConfigurations = (
				08FE1E941AAA5F570068F0C9 /* Debug */,
				08FE1E951AAA5F570068F0C9 /* Release */,
			);
			defaultConfigurationIsVisible = 0;
			defaultConfigurationName = Release;
		};
		08FE1E961AAA5F570068F0C9 /* Build configuration list for PBXNativeTarget "cardalotTests" */ = {
			isa = XCConfigurationList;
			buildConfigurations = (
				08FE1E971AAA5F570068F0C9 /* Debug */,
				08FE1E981AAA5F570068F0C9 /* Release */,
			);
			defaultConfigurationIsVisible = 0;
			defaultConfigurationName = Release;
		};
/* End XCConfigurationList section */

/* Begin XCVersionGroup section */
		725180E81AAA751600C446E5 /* Model.xcdatamodeld */ = {
			isa = XCVersionGroup;
			children = (
				725180E91AAA751600C446E5 /* Model.xcdatamodel */,
			);
			currentVersion = 725180E91AAA751600C446E5 /* Model.xcdatamodel */;
			path = Model.xcdatamodeld;
			sourceTree = "<group>";
			versionGroupType = wrapper.xcdatamodel;
		};
/* End XCVersionGroup section */
	};
	rootObject = 08FE1E681AAA5F570068F0C9 /* Project object */;
}
